{
  "name": "pourriture-org",
  "version": "0.1.0",
  "lockfileVersion": 3,
  "requires": true,
  "packages": {
    "": {
      "name": "pourriture-org",
      "version": "0.1.0",
      "dependencies": {
        "@prisma/client": "5.18.0",
        "cookie": "0.6.0",
        "next": "14.2.5",
        "react": "18.3.1",
        "react-dom": "18.3.1"
      },
      "devDependencies": {
        "prisma": "5.18.0"
      }
    },
    "node_modules/@next/env": {
      "version": "14.2.5",
      "resolved": "https://registry.npmjs.org/@next/env/-/env-14.2.5.tgz",
      "integrity": "sha512-/zZGkrTOsraVfYjGP8uM0p6r0BDT6xWpkjdVbcz66PJVSpwXX3yNiRycxAuDfBKGWBrZBXRuK/YVlkNgxHGwmA==",
      "license": "MIT"
    }
  }
}
